// !$*UTF8*$!
{
	archiveVersion = 1;
	classes = {
	};
	objectVersion = 50;
	objects = {

/* Begin PBXBuildFile section */
		2D882EA824E143C500A3E360 /* WeatherAssembly.swift in Sources */ = {isa = PBXBuildFile; fileRef = 2D882EA724E143C500A3E360 /* WeatherAssembly.swift */; };
		2D882EAA24E143E900A3E360 /* WeatherPresenter.swift in Sources */ = {isa = PBXBuildFile; fileRef = 2D882EA924E143E900A3E360 /* WeatherPresenter.swift */; };
		2D882EAC24E1443F00A3E360 /* WeatherViewController.swift in Sources */ = {isa = PBXBuildFile; fileRef = 2D882EAB24E1443F00A3E360 /* WeatherViewController.swift */; };
		2D882EAE24E1445D00A3E360 /* WeatherInteractor.swift in Sources */ = {isa = PBXBuildFile; fileRef = 2D882EAD24E1445D00A3E360 /* WeatherInteractor.swift */; };
		2D882EB024E1448100A3E360 /* WeatherRouter.swift in Sources */ = {isa = PBXBuildFile; fileRef = 2D882EAF24E1448100A3E360 /* WeatherRouter.swift */; };
		2D882EBE24E1633800A3E360 /* StackViewExtension.swift in Sources */ = {isa = PBXBuildFile; fileRef = 2D882EB824E1633800A3E360 /* StackViewExtension.swift */; };
		2D882EBF24E1633800A3E360 /* ViewExtension.swift in Sources */ = {isa = PBXBuildFile; fileRef = 2D882EB924E1633800A3E360 /* ViewExtension.swift */; };
		2D882EC024E1633800A3E360 /* ImageViewExtension.swift in Sources */ = {isa = PBXBuildFile; fileRef = 2D882EBA24E1633800A3E360 /* ImageViewExtension.swift */; };
		2D882EC124E1633800A3E360 /* NavigationExtension.swift in Sources */ = {isa = PBXBuildFile; fileRef = 2D882EBB24E1633800A3E360 /* NavigationExtension.swift */; };
		2D882EC224E1633800A3E360 /* LabelExtension.swift in Sources */ = {isa = PBXBuildFile; fileRef = 2D882EBC24E1633800A3E360 /* LabelExtension.swift */; };
		2D882EC324E1633800A3E360 /* TableViewExtension.swift in Sources */ = {isa = PBXBuildFile; fileRef = 2D882EBD24E1633800A3E360 /* TableViewExtension.swift */; };
		2D882EC524E1635F00A3E360 /* WeatherModel.swift in Sources */ = {isa = PBXBuildFile; fileRef = 2D882EC424E1635F00A3E360 /* WeatherModel.swift */; };
		2D882EC924E1662C00A3E360 /* CitySearchViewController.swift in Sources */ = {isa = PBXBuildFile; fileRef = 2D882EC824E1662C00A3E360 /* CitySearchViewController.swift */; };
		2D882ECB24E1664000A3E360 /* CitySearchInteractor.swift in Sources */ = {isa = PBXBuildFile; fileRef = 2D882ECA24E1664000A3E360 /* CitySearchInteractor.swift */; };
		2D882ECD24E1664D00A3E360 /* CitySearchPresenter.swift in Sources */ = {isa = PBXBuildFile; fileRef = 2D882ECC24E1664D00A3E360 /* CitySearchPresenter.swift */; };
		2D882ECF24E1667500A3E360 /* WeatherModels.swift in Sources */ = {isa = PBXBuildFile; fileRef = 2D882ECE24E1667500A3E360 /* WeatherModels.swift */; };
		2D882ED124E1668C00A3E360 /* WeatherWorker.swift in Sources */ = {isa = PBXBuildFile; fileRef = 2D882ED024E1668C00A3E360 /* WeatherWorker.swift */; };
		2D882ED324E1669A00A3E360 /* CitySearchModels.swift in Sources */ = {isa = PBXBuildFile; fileRef = 2D882ED224E1669A00A3E360 /* CitySearchModels.swift */; };
		2D882ED724E166AB00A3E360 /* CitySearchWorker.swift in Sources */ = {isa = PBXBuildFile; fileRef = 2D882ED624E166AB00A3E360 /* CitySearchWorker.swift */; };
		2D882ED924E166BB00A3E360 /* CitySearchRouter.swift in Sources */ = {isa = PBXBuildFile; fileRef = 2D882ED824E166BB00A3E360 /* CitySearchRouter.swift */; };
		2D882EDB24E1698700A3E360 /* NetworkWorker.swift in Sources */ = {isa = PBXBuildFile; fileRef = 2D882EDA24E1698700A3E360 /* NetworkWorker.swift */; };
		2D882EDD24E1699200A3E360 /* LocationWorker.swift in Sources */ = {isa = PBXBuildFile; fileRef = 2D882EDC24E1699200A3E360 /* LocationWorker.swift */; };
		2D882EE024E16C0E00A3E360 /* DataFetcherWorker.swift in Sources */ = {isa = PBXBuildFile; fileRef = 2D882EDF24E16C0E00A3E360 /* DataFetcherWorker.swift */; };
		45F16BB224AB4448005FCC4B /* AppDelegate.swift in Sources */ = {isa = PBXBuildFile; fileRef = 45F16BB124AB4448005FCC4B /* AppDelegate.swift */; };
		45F16BB624AB4448005FCC4B /* ViewController.swift in Sources */ = {isa = PBXBuildFile; fileRef = 45F16BB524AB4448005FCC4B /* ViewController.swift */; };
		45F16BB924AB4448005FCC4B /* Main.storyboard in Resources */ = {isa = PBXBuildFile; fileRef = 45F16BB724AB4448005FCC4B /* Main.storyboard */; };
		45F16BBC24AB4448005FCC4B /* Super_Weather.xcdatamodeld in Sources */ = {isa = PBXBuildFile; fileRef = 45F16BBA24AB4448005FCC4B /* Super_Weather.xcdatamodeld */; };
		45F16BBE24AB444B005FCC4B /* Assets.xcassets in Resources */ = {isa = PBXBuildFile; fileRef = 45F16BBD24AB444B005FCC4B /* Assets.xcassets */; };
		45F16BC124AB444B005FCC4B /* LaunchScreen.storyboard in Resources */ = {isa = PBXBuildFile; fileRef = 45F16BBF24AB444B005FCC4B /* LaunchScreen.storyboard */; };
/* End PBXBuildFile section */

/* Begin PBXFileReference section */
		2D882EA724E143C500A3E360 /* WeatherAssembly.swift */ = {isa = PBXFileReference; lastKnownFileType = sourcecode.swift; path = WeatherAssembly.swift; sourceTree = "<group>"; };
		2D882EA924E143E900A3E360 /* WeatherPresenter.swift */ = {isa = PBXFileReference; lastKnownFileType = sourcecode.swift; path = WeatherPresenter.swift; sourceTree = "<group>"; };
		2D882EAB24E1443F00A3E360 /* WeatherViewController.swift */ = {isa = PBXFileReference; lastKnownFileType = sourcecode.swift; path = WeatherViewController.swift; sourceTree = "<group>"; };
		2D882EAD24E1445D00A3E360 /* WeatherInteractor.swift */ = {isa = PBXFileReference; lastKnownFileType = sourcecode.swift; path = WeatherInteractor.swift; sourceTree = "<group>"; };
		2D882EAF24E1448100A3E360 /* WeatherRouter.swift */ = {isa = PBXFileReference; lastKnownFileType = sourcecode.swift; path = WeatherRouter.swift; sourceTree = "<group>"; };
		2D882EB824E1633800A3E360 /* StackViewExtension.swift */ = {isa = PBXFileReference; fileEncoding = 4; lastKnownFileType = sourcecode.swift; path = StackViewExtension.swift; sourceTree = "<group>"; };
		2D882EB924E1633800A3E360 /* ViewExtension.swift */ = {isa = PBXFileReference; fileEncoding = 4; lastKnownFileType = sourcecode.swift; path = ViewExtension.swift; sourceTree = "<group>"; };
		2D882EBA24E1633800A3E360 /* ImageViewExtension.swift */ = {isa = PBXFileReference; fileEncoding = 4; lastKnownFileType = sourcecode.swift; path = ImageViewExtension.swift; sourceTree = "<group>"; };
		2D882EBB24E1633800A3E360 /* NavigationExtension.swift */ = {isa = PBXFileReference; fileEncoding = 4; lastKnownFileType = sourcecode.swift; path = NavigationExtension.swift; sourceTree = "<group>"; };
		2D882EBC24E1633800A3E360 /* LabelExtension.swift */ = {isa = PBXFileReference; fileEncoding = 4; lastKnownFileType = sourcecode.swift; path = LabelExtension.swift; sourceTree = "<group>"; };
		2D882EBD24E1633800A3E360 /* TableViewExtension.swift */ = {isa = PBXFileReference; fileEncoding = 4; lastKnownFileType = sourcecode.swift; path = TableViewExtension.swift; sourceTree = "<group>"; };
		2D882EC424E1635F00A3E360 /* WeatherModel.swift */ = {isa = PBXFileReference; lastKnownFileType = sourcecode.swift; path = WeatherModel.swift; sourceTree = "<group>"; };
		2D882EC824E1662C00A3E360 /* CitySearchViewController.swift */ = {isa = PBXFileReference; lastKnownFileType = sourcecode.swift; path = CitySearchViewController.swift; sourceTree = "<group>"; };
		2D882ECA24E1664000A3E360 /* CitySearchInteractor.swift */ = {isa = PBXFileReference; lastKnownFileType = sourcecode.swift; path = CitySearchInteractor.swift; sourceTree = "<group>"; };
		2D882ECC24E1664D00A3E360 /* CitySearchPresenter.swift */ = {isa = PBXFileReference; lastKnownFileType = sourcecode.swift; path = CitySearchPresenter.swift; sourceTree = "<group>"; };
		2D882ECE24E1667500A3E360 /* WeatherModels.swift */ = {isa = PBXFileReference; lastKnownFileType = sourcecode.swift; path = WeatherModels.swift; sourceTree = "<group>"; };
		2D882ED024E1668C00A3E360 /* WeatherWorker.swift */ = {isa = PBXFileReference; lastKnownFileType = sourcecode.swift; path = WeatherWorker.swift; sourceTree = "<group>"; };
		2D882ED224E1669A00A3E360 /* CitySearchModels.swift */ = {isa = PBXFileReference; lastKnownFileType = sourcecode.swift; path = CitySearchModels.swift; sourceTree = "<group>"; };
		2D882ED624E166AB00A3E360 /* CitySearchWorker.swift */ = {isa = PBXFileReference; lastKnownFileType = sourcecode.swift; path = CitySearchWorker.swift; sourceTree = "<group>"; };
		2D882ED824E166BB00A3E360 /* CitySearchRouter.swift */ = {isa = PBXFileReference; lastKnownFileType = sourcecode.swift; path = CitySearchRouter.swift; sourceTree = "<group>"; };
		2D882EDA24E1698700A3E360 /* NetworkWorker.swift */ = {isa = PBXFileReference; lastKnownFileType = sourcecode.swift; path = NetworkWorker.swift; sourceTree = "<group>"; };
		2D882EDC24E1699200A3E360 /* LocationWorker.swift */ = {isa = PBXFileReference; lastKnownFileType = sourcecode.swift; path = LocationWorker.swift; sourceTree = "<group>"; };
		2D882EDF24E16C0E00A3E360 /* DataFetcherWorker.swift */ = {isa = PBXFileReference; lastKnownFileType = sourcecode.swift; path = DataFetcherWorker.swift; sourceTree = "<group>"; };
		45F16BAE24AB4447005FCC4B /* Super Weather.app */ = {isa = PBXFileReference; explicitFileType = wrapper.application; includeInIndex = 0; path = "Super Weather.app"; sourceTree = BUILT_PRODUCTS_DIR; };
		45F16BB124AB4448005FCC4B /* AppDelegate.swift */ = {isa = PBXFileReference; lastKnownFileType = sourcecode.swift; path = AppDelegate.swift; sourceTree = "<group>"; };
		45F16BB524AB4448005FCC4B /* ViewController.swift */ = {isa = PBXFileReference; lastKnownFileType = sourcecode.swift; path = ViewController.swift; sourceTree = "<group>"; };
		45F16BB824AB4448005FCC4B /* Base */ = {isa = PBXFileReference; lastKnownFileType = file.storyboard; name = Base; path = Base.lproj/Main.storyboard; sourceTree = "<group>"; };
		45F16BBB24AB4448005FCC4B /* Super_Weather.xcdatamodel */ = {isa = PBXFileReference; lastKnownFileType = wrapper.xcdatamodel; path = Super_Weather.xcdatamodel; sourceTree = "<group>"; };
		45F16BBD24AB444B005FCC4B /* Assets.xcassets */ = {isa = PBXFileReference; lastKnownFileType = folder.assetcatalog; path = Assets.xcassets; sourceTree = "<group>"; };
		45F16BC024AB444B005FCC4B /* Base */ = {isa = PBXFileReference; lastKnownFileType = file.storyboard; name = Base; path = Base.lproj/LaunchScreen.storyboard; sourceTree = "<group>"; };
		45F16BC224AB444B005FCC4B /* Info.plist */ = {isa = PBXFileReference; lastKnownFileType = text.plist.xml; path = Info.plist; sourceTree = "<group>"; };
/* End PBXFileReference section */

/* Begin PBXFrameworksBuildPhase section */
		45F16BAB24AB4447005FCC4B /* Frameworks */ = {
			isa = PBXFrameworksBuildPhase;
			buildActionMask = 2147483647;
			files = (
			);
			runOnlyForDeploymentPostprocessing = 0;
		};
/* End PBXFrameworksBuildPhase section */

/* Begin PBXGroup section */
		2D882EB224E1612100A3E360 /* Scenes */ = {
			isa = PBXGroup;
			children = (
				2D882EC724E1661100A3E360 /* CitySearch */,
				2D882EB524E1620100A3E360 /* Weather */,
			);
			path = Scenes;
			sourceTree = "<group>";
		};
		2D882EB324E1613000A3E360 /* Workers */ = {
			isa = PBXGroup;
			children = (
				2D882EDA24E1698700A3E360 /* NetworkWorker.swift */,
				2D882EDF24E16C0E00A3E360 /* DataFetcherWorker.swift */,
				2D882EDC24E1699200A3E360 /* LocationWorker.swift */,
			);
			path = Workers;
			sourceTree = "<group>";
		};
		2D882EB424E161DE00A3E360 /* Models */ = {
			isa = PBXGroup;
			children = (
				2D882EC424E1635F00A3E360 /* WeatherModel.swift */,
			);
			path = Models;
			sourceTree = "<group>";
		};
		2D882EB524E1620100A3E360 /* Weather */ = {
			isa = PBXGroup;
			children = (
				2D882EAB24E1443F00A3E360 /* WeatherViewController.swift */,
				2D882EAD24E1445D00A3E360 /* WeatherInteractor.swift */,
				2D882EA924E143E900A3E360 /* WeatherPresenter.swift */,
				2D882ECE24E1667500A3E360 /* WeatherModels.swift */,
				2D882ED024E1668C00A3E360 /* WeatherWorker.swift */,
				2D882EAF24E1448100A3E360 /* WeatherRouter.swift */,
				2D882EA724E143C500A3E360 /* WeatherAssembly.swift */,
			);
			path = Weather;
			sourceTree = "<group>";
		};
		2D882EB724E1633800A3E360 /* UIExtensions */ = {
			isa = PBXGroup;
			children = (
				2D882EB824E1633800A3E360 /* StackViewExtension.swift */,
				2D882EB924E1633800A3E360 /* ViewExtension.swift */,
				2D882EBA24E1633800A3E360 /* ImageViewExtension.swift */,
				2D882EBB24E1633800A3E360 /* NavigationExtension.swift */,
				2D882EBC24E1633800A3E360 /* LabelExtension.swift */,
				2D882EBD24E1633800A3E360 /* TableViewExtension.swift */,
			);
			path = UIExtensions;
			sourceTree = "<group>";
		};
		2D882EC624E1638C00A3E360 /* Services */ = {
			isa = PBXGroup;
			children = (
			);
			path = Services;
			sourceTree = "<group>";
		};
		2D882EC724E1661100A3E360 /* CitySearch */ = {
			isa = PBXGroup;
			children = (
				2D882EC824E1662C00A3E360 /* CitySearchViewController.swift */,
				2D882ECA24E1664000A3E360 /* CitySearchInteractor.swift */,
				2D882ECC24E1664D00A3E360 /* CitySearchPresenter.swift */,
				2D882ED224E1669A00A3E360 /* CitySearchModels.swift */,
				2D882ED624E166AB00A3E360 /* CitySearchWorker.swift */,
				2D882ED824E166BB00A3E360 /* CitySearchRouter.swift */,
			);
			path = CitySearch;
			sourceTree = "<group>";
		};
		45F16BA524AB4447005FCC4B = {
			isa = PBXGroup;
			children = (
				45F16BB024AB4447005FCC4B /* Super Weather */,
				45F16BAF24AB4447005FCC4B /* Products */,
			);
			sourceTree = "<group>";
		};
		45F16BAF24AB4447005FCC4B /* Products */ = {
			isa = PBXGroup;
			children = (
				45F16BAE24AB4447005FCC4B /* Super Weather.app */,
			);
			name = Products;
			sourceTree = "<group>";
		};
		45F16BB024AB4447005FCC4B /* Super Weather */ = {
			isa = PBXGroup;
			children = (
				2D882EC624E1638C00A3E360 /* Services */,
				2D882EB724E1633800A3E360 /* UIExtensions */,
				2D882EB424E161DE00A3E360 /* Models */,
				2D882EB324E1613000A3E360 /* Workers */,
				2D882EB224E1612100A3E360 /* Scenes */,
				45F16BB124AB4448005FCC4B /* AppDelegate.swift */,
				45F16BB524AB4448005FCC4B /* ViewController.swift */,
				45F16BB724AB4448005FCC4B /* Main.storyboard */,
				45F16BBD24AB444B005FCC4B /* Assets.xcassets */,
				45F16BBF24AB444B005FCC4B /* LaunchScreen.storyboard */,
				45F16BC224AB444B005FCC4B /* Info.plist */,
				45F16BBA24AB4448005FCC4B /* Super_Weather.xcdatamodeld */,
			);
			path = "Super Weather";
			sourceTree = "<group>";
		};
/* End PBXGroup section */

/* Begin PBXNativeTarget section */
		45F16BAD24AB4447005FCC4B /* Super Weather */ = {
			isa = PBXNativeTarget;
			buildConfigurationList = 45F16BC524AB444B005FCC4B /* Build configuration list for PBXNativeTarget "Super Weather" */;
			buildPhases = (
				45F16BAA24AB4447005FCC4B /* Sources */,
				45F16BAB24AB4447005FCC4B /* Frameworks */,
				45F16BAC24AB4447005FCC4B /* Resources */,
			);
			buildRules = (
			);
			dependencies = (
			);
			name = "Super Weather";
			productName = "Super Weather";
			productReference = 45F16BAE24AB4447005FCC4B /* Super Weather.app */;
			productType = "com.apple.product-type.application";
		};
/* End PBXNativeTarget section */

/* Begin PBXProject section */
		45F16BA624AB4447005FCC4B /* Project object */ = {
			isa = PBXProject;
			attributes = {
				LastSwiftUpdateCheck = 1150;
				LastUpgradeCheck = 1150;
				ORGANIZATIONNAME = "Игорь Силаев";
				TargetAttributes = {
					45F16BAD24AB4447005FCC4B = {
						CreatedOnToolsVersion = 11.5;
					};
				};
			};
			buildConfigurationList = 45F16BA924AB4447005FCC4B /* Build configuration list for PBXProject "Super Weather" */;
			compatibilityVersion = "Xcode 9.3";
			developmentRegion = en;
			hasScannedForEncodings = 0;
			knownRegions = (
				en,
				Base,
			);
			mainGroup = 45F16BA524AB4447005FCC4B;
			productRefGroup = 45F16BAF24AB4447005FCC4B /* Products */;
			projectDirPath = "";
			projectRoot = "";
			targets = (
				45F16BAD24AB4447005FCC4B /* Super Weather */,
			);
		};
/* End PBXProject section */

/* Begin PBXResourcesBuildPhase section */
		45F16BAC24AB4447005FCC4B /* Resources */ = {
			isa = PBXResourcesBuildPhase;
			buildActionMask = 2147483647;
			files = (
				45F16BC124AB444B005FCC4B /* LaunchScreen.storyboard in Resources */,
				45F16BBE24AB444B005FCC4B /* Assets.xcassets in Resources */,
				45F16BB924AB4448005FCC4B /* Main.storyboard in Resources */,
			);
			runOnlyForDeploymentPostprocessing = 0;
		};
/* End PBXResourcesBuildPhase section */

/* Begin PBXSourcesBuildPhase section */
		45F16BAA24AB4447005FCC4B /* Sources */ = {
			isa = PBXSourcesBuildPhase;
			buildActionMask = 2147483647;
			files = (
				2D882EDD24E1699200A3E360 /* LocationWorker.swift in Sources */,
				2D882ED724E166AB00A3E360 /* CitySearchWorker.swift in Sources */,
				2D882EC924E1662C00A3E360 /* CitySearchViewController.swift in Sources */,
				2D882EDB24E1698700A3E360 /* NetworkWorker.swift in Sources */,
				2D882EC224E1633800A3E360 /* LabelExtension.swift in Sources */,
				2D882EAC24E1443F00A3E360 /* WeatherViewController.swift in Sources */,
				2D882EB024E1448100A3E360 /* WeatherRouter.swift in Sources */,
				2D882ED324E1669A00A3E360 /* CitySearchModels.swift in Sources */,
				45F16BBC24AB4448005FCC4B /* Super_Weather.xcdatamodeld in Sources */,
				2D882EA824E143C500A3E360 /* WeatherAssembly.swift in Sources */,
				2D882EAA24E143E900A3E360 /* WeatherPresenter.swift in Sources */,
				2D882EE024E16C0E00A3E360 /* DataFetcherWorker.swift in Sources */,
				2D882ECB24E1664000A3E360 /* CitySearchInteractor.swift in Sources */,
				2D882ED924E166BB00A3E360 /* CitySearchRouter.swift in Sources */,
				2D882EC124E1633800A3E360 /* NavigationExtension.swift in Sources */,
				45F16BB624AB4448005FCC4B /* ViewController.swift in Sources */,
				2D882EBF24E1633800A3E360 /* ViewExtension.swift in Sources */,
				2D882ECD24E1664D00A3E360 /* CitySearchPresenter.swift in Sources */,
				2D882ED124E1668C00A3E360 /* WeatherWorker.swift in Sources */,
				2D882EC324E1633800A3E360 /* TableViewExtension.swift in Sources */,
				2D882EAE24E1445D00A3E360 /* WeatherInteractor.swift in Sources */,
				2D882ECF24E1667500A3E360 /* WeatherModels.swift in Sources */,
				45F16BB224AB4448005FCC4B /* AppDelegate.swift in Sources */,
				2D882EC024E1633800A3E360 /* ImageViewExtension.swift in Sources */,
				2D882EC524E1635F00A3E360 /* WeatherModel.swift in Sources */,
				2D882EBE24E1633800A3E360 /* StackViewExtension.swift in Sources */,
			);
			runOnlyForDeploymentPostprocessing = 0;
		};
/* End PBXSourcesBuildPhase section */

/* Begin PBXVariantGroup section */
		45F16BB724AB4448005FCC4B /* Main.storyboard */ = {
			isa = PBXVariantGroup;
			children = (
				45F16BB824AB4448005FCC4B /* Base */,
			);
			name = Main.storyboard;
			sourceTree = "<group>";
		};
		45F16BBF24AB444B005FCC4B /* LaunchScreen.storyboard */ = {
			isa = PBXVariantGroup;
			children = (
				45F16BC024AB444B005FCC4B /* Base */,
			);
			name = LaunchScreen.storyboard;
			sourceTree = "<group>";
		};
/* End PBXVariantGroup section */

/* Begin XCBuildConfiguration section */
		45F16BC324AB444B005FCC4B /* Debug */ = {
			isa = XCBuildConfiguration;
			buildSettings = {
				ALWAYS_SEARCH_USER_PATHS = NO;
				CLANG_ANALYZER_NONNULL = YES;
				CLANG_ANALYZER_NUMBER_OBJECT_CONVERSION = YES_AGGRESSIVE;
				CLANG_CXX_LANGUAGE_STANDARD = "gnu++14";
				CLANG_CXX_LIBRARY = "libc++";
				CLANG_ENABLE_MODULES = YES;
				CLANG_ENABLE_OBJC_ARC = YES;
				CLANG_ENABLE_OBJC_WEAK = YES;
				CLANG_WARN_BLOCK_CAPTURE_AUTORELEASING = YES;
				CLANG_WARN_BOOL_CONVERSION = YES;
				CLANG_WARN_COMMA = YES;
				CLANG_WARN_CONSTANT_CONVERSION = YES;
				CLANG_WARN_DEPRECATED_OBJC_IMPLEMENTATIONS = YES;
				CLANG_WARN_DIRECT_OBJC_ISA_USAGE = YES_ERROR;
				CLANG_WARN_DOCUMENTATION_COMMENTS = YES;
				CLANG_WARN_EMPTY_BODY = YES;
				CLANG_WARN_ENUM_CONVERSION = YES;
				CLANG_WARN_INFINITE_RECURSION = YES;
				CLANG_WARN_INT_CONVERSION = YES;
				CLANG_WARN_NON_LITERAL_NULL_CONVERSION = YES;
				CLANG_WARN_OBJC_IMPLICIT_RETAIN_SELF = YES;
				CLANG_WARN_OBJC_LITERAL_CONVERSION = YES;
				CLANG_WARN_OBJC_ROOT_CLASS = YES_ERROR;
				CLANG_WARN_RANGE_LOOP_ANALYSIS = YES;
				CLANG_WARN_STRICT_PROTOTYPES = YES;
				CLANG_WARN_SUSPICIOUS_MOVE = YES;
				CLANG_WARN_UNGUARDED_AVAILABILITY = YES_AGGRESSIVE;
				CLANG_WARN_UNREACHABLE_CODE = YES;
				CLANG_WARN__DUPLICATE_METHOD_MATCH = YES;
				COPY_PHASE_STRIP = NO;
				DEBUG_INFORMATION_FORMAT = dwarf;
				ENABLE_STRICT_OBJC_MSGSEND = YES;
				ENABLE_TESTABILITY = YES;
				GCC_C_LANGUAGE_STANDARD = gnu11;
				GCC_DYNAMIC_NO_PIC = NO;
				GCC_NO_COMMON_BLOCKS = YES;
				GCC_OPTIMIZATION_LEVEL = 0;
				GCC_PREPROCESSOR_DEFINITIONS = (
					"DEBUG=1",
					"$(inherited)",
				);
				GCC_WARN_64_TO_32_BIT_CONVERSION = YES;
				GCC_WARN_ABOUT_RETURN_TYPE = YES_ERROR;
				GCC_WARN_UNDECLARED_SELECTOR = YES;
				GCC_WARN_UNINITIALIZED_AUTOS = YES_AGGRESSIVE;
				GCC_WARN_UNUSED_FUNCTION = YES;
				GCC_WARN_UNUSED_VARIABLE = YES;
				IPHONEOS_DEPLOYMENT_TARGET = 13.5;
				MTL_ENABLE_DEBUG_INFO = INCLUDE_SOURCE;
				MTL_FAST_MATH = YES;
				ONLY_ACTIVE_ARCH = YES;
				SDKROOT = iphoneos;
				SWIFT_ACTIVE_COMPILATION_CONDITIONS = DEBUG;
				SWIFT_OPTIMIZATION_LEVEL = "-Onone";
			};
			name = Debug;
		};
		45F16BC424AB444B005FCC4B /* Release */ = {
			isa = XCBuildConfiguration;
			buildSettings = {
				ALWAYS_SEARCH_USER_PATHS = NO;
				CLANG_ANALYZER_NONNULL = YES;
				CLANG_ANALYZER_NUMBER_OBJECT_CONVERSION = YES_AGGRESSIVE;
				CLANG_CXX_LANGUAGE_STANDARD = "gnu++14";
				CLANG_CXX_LIBRARY = "libc++";
				CLANG_ENABLE_MODULES = YES;
				CLANG_ENABLE_OBJC_ARC = YES;
				CLANG_ENABLE_OBJC_WEAK = YES;
				CLANG_WARN_BLOCK_CAPTURE_AUTORELEASING = YES;
				CLANG_WARN_BOOL_CONVERSION = YES;
				CLANG_WARN_COMMA = YES;
				CLANG_WARN_CONSTANT_CONVERSION = YES;
				CLANG_WARN_DEPRECATED_OBJC_IMPLEMENTATIONS = YES;
				CLANG_WARN_DIRECT_OBJC_ISA_USAGE = YES_ERROR;
				CLANG_WARN_DOCUMENTATION_COMMENTS = YES;
				CLANG_WARN_EMPTY_BODY = YES;
				CLANG_WARN_ENUM_CONVERSION = YES;
				CLANG_WARN_INFINITE_RECURSION = YES;
				CLANG_WARN_INT_CONVERSION = YES;
				CLANG_WARN_NON_LITERAL_NULL_CONVERSION = YES;
				CLANG_WARN_OBJC_IMPLICIT_RETAIN_SELF = YES;
				CLANG_WARN_OBJC_LITERAL_CONVERSION = YES;
				CLANG_WARN_OBJC_ROOT_CLASS = YES_ERROR;
				CLANG_WARN_RANGE_LOOP_ANALYSIS = YES;
				CLANG_WARN_STRICT_PROTOTYPES = YES;
				CLANG_WARN_SUSPICIOUS_MOVE = YES;
				CLANG_WARN_UNGUARDED_AVAILABILITY = YES_AGGRESSIVE;
				CLANG_WARN_UNREACHABLE_CODE = YES;
				CLANG_WARN__DUPLICATE_METHOD_MATCH = YES;
				COPY_PHASE_STRIP = NO;
				DEBUG_INFORMATION_FORMAT = "dwarf-with-dsym";
				ENABLE_NS_ASSERTIONS = NO;
				ENABLE_STRICT_OBJC_MSGSEND = YES;
				GCC_C_LANGUAGE_STANDARD = gnu11;
				GCC_NO_COMMON_BLOCKS = YES;
				GCC_WARN_64_TO_32_BIT_CONVERSION = YES;
				GCC_WARN_ABOUT_RETURN_TYPE = YES_ERROR;
				GCC_WARN_UNDECLARED_SELECTOR = YES;
				GCC_WARN_UNINITIALIZED_AUTOS = YES_AGGRESSIVE;
				GCC_WARN_UNUSED_FUNCTION = YES;
				GCC_WARN_UNUSED_VARIABLE = YES;
				IPHONEOS_DEPLOYMENT_TARGET = 13.5;
				MTL_ENABLE_DEBUG_INFO = NO;
				MTL_FAST_MATH = YES;
				SDKROOT = iphoneos;
				SWIFT_COMPILATION_MODE = wholemodule;
				SWIFT_OPTIMIZATION_LEVEL = "-O";
				VALIDATE_PRODUCT = YES;
			};
			name = Release;
		};
		45F16BC624AB444B005FCC4B /* Debug */ = {
			isa = XCBuildConfiguration;
			buildSettings = {
				ASSETCATALOG_COMPILER_APPICON_NAME = AppIcon;
				CODE_SIGN_STYLE = Automatic;
				DEVELOPMENT_TEAM = U929TJA927;
				INFOPLIST_FILE = "Super Weather/Info.plist";
				IPHONEOS_DEPLOYMENT_TARGET = 10.0;
				LD_RUNPATH_SEARCH_PATHS = (
					"$(inherited)",
					"@executable_path/Frameworks",
				);
				PRODUCT_BUNDLE_IDENTIFIER = "abc.Super-Weather";
				PRODUCT_NAME = "$(TARGET_NAME)";
				SWIFT_VERSION = 5.0;
				TARGETED_DEVICE_FAMILY = 1;
			};
			name = Debug;
		};
		45F16BC724AB444B005FCC4B /* Release */ = {
			isa = XCBuildConfiguration;
			buildSettings = {
				ASSETCATALOG_COMPILER_APPICON_NAME = AppIcon;
				CODE_SIGN_STYLE = Automatic;
				DEVELOPMENT_TEAM = U929TJA927;
				INFOPLIST_FILE = "Super Weather/Info.plist";
				IPHONEOS_DEPLOYMENT_TARGET = 10.0;
				LD_RUNPATH_SEARCH_PATHS = (
					"$(inherited)",
					"@executable_path/Frameworks",
				);
				PRODUCT_BUNDLE_IDENTIFIER = "abc.Super-Weather";
				PRODUCT_NAME = "$(TARGET_NAME)";
				SWIFT_VERSION = 5.0;
				TARGETED_DEVICE_FAMILY = 1;
			};
			name = Release;
		};
/* End XCBuildConfiguration section */

/* Begin XCConfigurationList section */
		45F16BA924AB4447005FCC4B /* Build configuration list for PBXProject "Super Weather" */ = {
			isa = XCConfigurationList;
			buildConfigurations = (
				45F16BC324AB444B005FCC4B /* Debug */,
				45F16BC424AB444B005FCC4B /* Release */,
			);
			defaultConfigurationIsVisible = 0;
			defaultConfigurationName = Release;
		};
		45F16BC524AB444B005FCC4B /* Build configuration list for PBXNativeTarget "Super Weather" */ = {
			isa = XCConfigurationList;
			buildConfigurations = (
				45F16BC624AB444B005FCC4B /* Debug */,
				45F16BC724AB444B005FCC4B /* Release */,
			);
			defaultConfigurationIsVisible = 0;
			defaultConfigurationName = Release;
		};
/* End XCConfigurationList section */

/* Begin XCVersionGroup section */
		45F16BBA24AB4448005FCC4B /* Super_Weather.xcdatamodeld */ = {
			isa = XCVersionGroup;
			children = (
				45F16BBB24AB4448005FCC4B /* Super_Weather.xcdatamodel */,
			);
			currentVersion = 45F16BBB24AB4448005FCC4B /* Super_Weather.xcdatamodel */;
			path = Super_Weather.xcdatamodeld;
			sourceTree = "<group>";
			versionGroupType = wrapper.xcdatamodel;
		};
/* End XCVersionGroup section */
	};
	rootObject = 45F16BA624AB4447005FCC4B /* Project object */;
}
